// !$*UTF8*$!
{
	archiveVersion = 1;
	classes = {
	};
	objectVersion = 50;
	objects = {

/* Begin PBXBuildFile section */
		E93A6DED24EECB3A006C7D03 /* TabBarViewController.swift in Sources */ = {isa = PBXBuildFile; fileRef = E93A6DEC24EECB3A006C7D03 /* TabBarViewController.swift */; };
		E9B9583924F7D92F00E078A7 /* LikeControl.swift in Sources */ = {isa = PBXBuildFile; fileRef = E9B9583824F7D92F00E078A7 /* LikeControl.swift */; };
		E9B9583E24F7DC6A00E078A7 /* CircleImage.swift in Sources */ = {isa = PBXBuildFile; fileRef = E9B9583D24F7DC6A00E078A7 /* CircleImage.swift */; };
		E9B9584024F7F21200E078A7 /* Group.swift in Sources */ = {isa = PBXBuildFile; fileRef = E9B9583F24F7F21200E078A7 /* Group.swift */; };
		E9B9584724F805C300E078A7 /* Gradient.swift in Sources */ = {isa = PBXBuildFile; fileRef = E9B9584624F805C300E078A7 /* Gradient.swift */; };
		E9B9584924F80CE300E078A7 /* GroupsTableCell.swift in Sources */ = {isa = PBXBuildFile; fileRef = E9B9584824F80CE300E078A7 /* GroupsTableCell.swift */; };
		E9C59D8424EE2B400069C0BE /* AppDelegate.swift in Sources */ = {isa = PBXBuildFile; fileRef = E9C59D8324EE2B400069C0BE /* AppDelegate.swift */; };
		E9C59D8624EE2B400069C0BE /* SceneDelegate.swift in Sources */ = {isa = PBXBuildFile; fileRef = E9C59D8524EE2B400069C0BE /* SceneDelegate.swift */; };
		E9C59D8824EE2B400069C0BE /* LoginViewController.swift in Sources */ = {isa = PBXBuildFile; fileRef = E9C59D8724EE2B400069C0BE /* LoginViewController.swift */; };
		E9C59D8B24EE2B400069C0BE /* Main.storyboard in Resources */ = {isa = PBXBuildFile; fileRef = E9C59D8924EE2B400069C0BE /* Main.storyboard */; };
		E9C59D8D24EE2B420069C0BE /* Assets.xcassets in Resources */ = {isa = PBXBuildFile; fileRef = E9C59D8C24EE2B420069C0BE /* Assets.xcassets */; };
		E9C59D9024EE2B420069C0BE /* LaunchScreen.storyboard in Resources */ = {isa = PBXBuildFile; fileRef = E9C59D8E24EE2B420069C0BE /* LaunchScreen.storyboard */; };
		E9D8B8AA24F3841700DDAB0D /* FriendsTableViewController.swift in Sources */ = {isa = PBXBuildFile; fileRef = E9D8B8A924F3841700DDAB0D /* FriendsTableViewController.swift */; };
		E9D8B8AD24F3B1E700DDAB0D /* FriendsCollectionCollectionViewController.swift in Sources */ = {isa = PBXBuildFile; fileRef = E9D8B8AC24F3B1E700DDAB0D /* FriendsCollectionCollectionViewController.swift */; };
		E9D8B8B224F3B80B00DDAB0D /* FriendPhotoCollectionViewCell.swift in Sources */ = {isa = PBXBuildFile; fileRef = E9D8B8B124F3B80B00DDAB0D /* FriendPhotoCollectionViewCell.swift */; };
		E9D8B8B724F3C96300DDAB0D /* GroupListTableViewController.swift in Sources */ = {isa = PBXBuildFile; fileRef = E9D8B8B624F3C96300DDAB0D /* GroupListTableViewController.swift */; };
		E9E2B6B024F81D6D00A77747 /* User.swift in Sources */ = {isa = PBXBuildFile; fileRef = E9E2B6AF24F81D6D00A77747 /* User.swift */; };
		E9E2B6B224F8202E00A77747 /* UserCell.swift in Sources */ = {isa = PBXBuildFile; fileRef = E9E2B6B124F8202E00A77747 /* UserCell.swift */; };
		E9E2B6B424F8BBC400A77747 /* PublicGroupsTableViewController.swift in Sources */ = {isa = PBXBuildFile; fileRef = E9E2B6B324F8BBC400A77747 /* PublicGroupsTableViewController.swift */; };
		E9E2B6B624FD0CCB00A77747 /* FullScreenImage.swift in Sources */ = {isa = PBXBuildFile; fileRef = E9E2B6B524FD0CCB00A77747 /* FullScreenImage.swift */; };
/* End PBXBuildFile section */

/* Begin PBXFileReference section */
		E93A6DEC24EECB3A006C7D03 /* TabBarViewController.swift */ = {isa = PBXFileReference; lastKnownFileType = sourcecode.swift; path = TabBarViewController.swift; sourceTree = "<group>"; };
		E9B9583824F7D92F00E078A7 /* LikeControl.swift */ = {isa = PBXFileReference; lastKnownFileType = sourcecode.swift; path = LikeControl.swift; sourceTree = "<group>"; };
		E9B9583D24F7DC6A00E078A7 /* CircleImage.swift */ = {isa = PBXFileReference; lastKnownFileType = sourcecode.swift; path = CircleImage.swift; sourceTree = "<group>"; };
		E9B9583F24F7F21200E078A7 /* Group.swift */ = {isa = PBXFileReference; lastKnownFileType = sourcecode.swift; path = Group.swift; sourceTree = "<group>"; };
		E9B9584624F805C300E078A7 /* Gradient.swift */ = {isa = PBXFileReference; lastKnownFileType = sourcecode.swift; path = Gradient.swift; sourceTree = "<group>"; };
		E9B9584824F80CE300E078A7 /* GroupsTableCell.swift */ = {isa = PBXFileReference; lastKnownFileType = sourcecode.swift; path = GroupsTableCell.swift; sourceTree = "<group>"; };
		E9C59D8024EE2B400069C0BE /* VKapp.app */ = {isa = PBXFileReference; explicitFileType = wrapper.application; includeInIndex = 0; path = VKapp.app; sourceTree = BUILT_PRODUCTS_DIR; };
		E9C59D8324EE2B400069C0BE /* AppDelegate.swift */ = {isa = PBXFileReference; lastKnownFileType = sourcecode.swift; path = AppDelegate.swift; sourceTree = "<group>"; };
		E9C59D8524EE2B400069C0BE /* SceneDelegate.swift */ = {isa = PBXFileReference; lastKnownFileType = sourcecode.swift; path = SceneDelegate.swift; sourceTree = "<group>"; };
		E9C59D8724EE2B400069C0BE /* LoginViewController.swift */ = {isa = PBXFileReference; lastKnownFileType = sourcecode.swift; path = LoginViewController.swift; sourceTree = "<group>"; };
		E9C59D8A24EE2B400069C0BE /* Base */ = {isa = PBXFileReference; lastKnownFileType = file.storyboard; name = Base; path = Base.lproj/Main.storyboard; sourceTree = "<group>"; };
		E9C59D8C24EE2B420069C0BE /* Assets.xcassets */ = {isa = PBXFileReference; lastKnownFileType = folder.assetcatalog; path = Assets.xcassets; sourceTree = "<group>"; };
		E9C59D8F24EE2B420069C0BE /* Base */ = {isa = PBXFileReference; lastKnownFileType = file.storyboard; name = Base; path = Base.lproj/LaunchScreen.storyboard; sourceTree = "<group>"; };
		E9C59D9124EE2B420069C0BE /* Info.plist */ = {isa = PBXFileReference; lastKnownFileType = text.plist.xml; path = Info.plist; sourceTree = "<group>"; };
		E9D8B8A924F3841700DDAB0D /* FriendsTableViewController.swift */ = {isa = PBXFileReference; lastKnownFileType = sourcecode.swift; path = FriendsTableViewController.swift; sourceTree = "<group>"; };
		E9D8B8AC24F3B1E700DDAB0D /* FriendsCollectionCollectionViewController.swift */ = {isa = PBXFileReference; lastKnownFileType = sourcecode.swift; path = FriendsCollectionCollectionViewController.swift; sourceTree = "<group>"; };
		E9D8B8B124F3B80B00DDAB0D /* FriendPhotoCollectionViewCell.swift */ = {isa = PBXFileReference; lastKnownFileType = sourcecode.swift; path = FriendPhotoCollectionViewCell.swift; sourceTree = "<group>"; };
		E9D8B8B624F3C96300DDAB0D /* GroupListTableViewController.swift */ = {isa = PBXFileReference; lastKnownFileType = sourcecode.swift; path = GroupListTableViewController.swift; sourceTree = "<group>"; };
		E9E2B6AF24F81D6D00A77747 /* User.swift */ = {isa = PBXFileReference; lastKnownFileType = sourcecode.swift; path = User.swift; sourceTree = "<group>"; };
		E9E2B6B124F8202E00A77747 /* UserCell.swift */ = {isa = PBXFileReference; lastKnownFileType = sourcecode.swift; path = UserCell.swift; sourceTree = "<group>"; };
		E9E2B6B324F8BBC400A77747 /* PublicGroupsTableViewController.swift */ = {isa = PBXFileReference; lastKnownFileType = sourcecode.swift; path = PublicGroupsTableViewController.swift; sourceTree = "<group>"; };
		E9E2B6B524FD0CCB00A77747 /* FullScreenImage.swift */ = {isa = PBXFileReference; lastKnownFileType = sourcecode.swift; path = FullScreenImage.swift; sourceTree = "<group>"; };
/* End PBXFileReference section */

/* Begin PBXFrameworksBuildPhase section */
		E9C59D7D24EE2B400069C0BE /* Frameworks */ = {
			isa = PBXFrameworksBuildPhase;
			buildActionMask = 2147483647;
			files = (
			);
			runOnlyForDeploymentPostprocessing = 0;
		};
/* End PBXFrameworksBuildPhase section */

/* Begin PBXGroup section */
		E9B9583A24F7D94300E078A7 /* Model */ = {
			isa = PBXGroup;
			children = (
				E9B9583824F7D92F00E078A7 /* LikeControl.swift */,
				E9B9583D24F7DC6A00E078A7 /* CircleImage.swift */,
				E9B9583F24F7F21200E078A7 /* Group.swift */,
				E9B9584624F805C300E078A7 /* Gradient.swift */,
				E9E2B6AF24F81D6D00A77747 /* User.swift */,
				E9E2B6B524FD0CCB00A77747 /* FullScreenImage.swift */,
			);
			path = Model;
			sourceTree = "<group>";
		};
		E9B9584324F7F5FF00E078A7 /* Cells */ = {
			isa = PBXGroup;
			children = (
				E9B9584824F80CE300E078A7 /* GroupsTableCell.swift */,
				E9E2B6B124F8202E00A77747 /* UserCell.swift */,
			);
			path = Cells;
			sourceTree = "<group>";
		};
		E9C59D7724EE2B400069C0BE = {
			isa = PBXGroup;
			children = (
				E9C59D8224EE2B400069C0BE /* VKapp */,
				E9C59D8124EE2B400069C0BE /* Products */,
			);
			sourceTree = "<group>";
		};
		E9C59D8124EE2B400069C0BE /* Products */ = {
			isa = PBXGroup;
			children = (
				E9C59D8024EE2B400069C0BE /* VKapp.app */,
			);
			name = Products;
			sourceTree = "<group>";
		};
		E9C59D8224EE2B400069C0BE /* VKapp */ = {
			isa = PBXGroup;
			children = (
				E9C59D8324EE2B400069C0BE /* AppDelegate.swift */,
				E9C59D8524EE2B400069C0BE /* SceneDelegate.swift */,
				E9C59D8724EE2B400069C0BE /* LoginViewController.swift */,
				E93A6DEC24EECB3A006C7D03 /* TabBarViewController.swift */,
				E9C59D8924EE2B400069C0BE /* Main.storyboard */,
				E9B9583A24F7D94300E078A7 /* Model */,
				E9D8B8B524F3C63700DDAB0D /* Groups */,
				E9D8B8AE24F3B3A500DDAB0D /* friendPhoto */,
				E9D8B8AB24F3841A00DDAB0D /* Friends */,
				E9D8B8A824F2CA8400DDAB0D /* FriendsList */,
				E9C59D8C24EE2B420069C0BE /* Assets.xcassets */,
				E9C59D8E24EE2B420069C0BE /* LaunchScreen.storyboard */,
				E9C59D9124EE2B420069C0BE /* Info.plist */,
				E9B9584324F7F5FF00E078A7 /* Cells */,
			);
			path = VKapp;
			sourceTree = "<group>";
		};
		E9D8B8A824F2CA8400DDAB0D /* FriendsList */ = {
			isa = PBXGroup;
			children = (
			);
			path = FriendsList;
			sourceTree = "<group>";
		};
		E9D8B8AB24F3841A00DDAB0D /* Friends */ = {
			isa = PBXGroup;
			children = (
				E9D8B8A924F3841700DDAB0D /* FriendsTableViewController.swift */,
			);
			path = Friends;
			sourceTree = "<group>";
		};
		E9D8B8AE24F3B3A500DDAB0D /* friendPhoto */ = {
			isa = PBXGroup;
			children = (
				E9D8B8AC24F3B1E700DDAB0D /* FriendsCollectionCollectionViewController.swift */,
				E9D8B8B124F3B80B00DDAB0D /* FriendPhotoCollectionViewCell.swift */,
			);
			path = friendPhoto;
			sourceTree = "<group>";
		};
		E9D8B8B524F3C63700DDAB0D /* Groups */ = {
			isa = PBXGroup;
			children = (
				E9D8B8B624F3C96300DDAB0D /* GroupListTableViewController.swift */,
				E9E2B6B324F8BBC400A77747 /* PublicGroupsTableViewController.swift */,
			);
			path = Groups;
			sourceTree = "<group>";
		};
/* End PBXGroup section */

/* Begin PBXNativeTarget section */
		E9C59D7F24EE2B400069C0BE /* VKapp */ = {
			isa = PBXNativeTarget;
			buildConfigurationList = E9C59D9424EE2B420069C0BE /* Build configuration list for PBXNativeTarget "VKapp" */;
			buildPhases = (
				E9C59D7C24EE2B400069C0BE /* Sources */,
				E9C59D7D24EE2B400069C0BE /* Frameworks */,
				E9C59D7E24EE2B400069C0BE /* Resources */,
			);
			buildRules = (
			);
			dependencies = (
			);
			name = VKapp;
			productName = VKapp;
			productReference = E9C59D8024EE2B400069C0BE /* VKapp.app */;
			productType = "com.apple.product-type.application";
		};
/* End PBXNativeTarget section */

/* Begin PBXProject section */
		E9C59D7824EE2B400069C0BE /* Project object */ = {
			isa = PBXProject;
			attributes = {
				LastSwiftUpdateCheck = 1160;
				LastUpgradeCheck = 1160;
				ORGANIZATIONNAME = "Павел";
				TargetAttributes = {
					E9C59D7F24EE2B400069C0BE = {
						CreatedOnToolsVersion = 11.6;
					};
				};
			};
			buildConfigurationList = E9C59D7B24EE2B400069C0BE /* Build configuration list for PBXProject "VKapp" */;
			compatibilityVersion = "Xcode 9.3";
			developmentRegion = en;
			hasScannedForEncodings = 0;
			knownRegions = (
				en,
				Base,
			);
			mainGroup = E9C59D7724EE2B400069C0BE;
			productRefGroup = E9C59D8124EE2B400069C0BE /* Products */;
			projectDirPath = "";
			projectRoot = "";
			targets = (
				E9C59D7F24EE2B400069C0BE /* VKapp */,
			);
		};
/* End PBXProject section */

/* Begin PBXResourcesBuildPhase section */
		E9C59D7E24EE2B400069C0BE /* Resources */ = {
			isa = PBXResourcesBuildPhase;
			buildActionMask = 2147483647;
			files = (
				E9C59D9024EE2B420069C0BE /* LaunchScreen.storyboard in Resources */,
				E9C59D8D24EE2B420069C0BE /* Assets.xcassets in Resources */,
				E9C59D8B24EE2B400069C0BE /* Main.storyboard in Resources */,
			);
			runOnlyForDeploymentPostprocessing = 0;
		};
/* End PBXResourcesBuildPhase section */

/* Begin PBXSourcesBuildPhase section */
		E9C59D7C24EE2B400069C0BE /* Sources */ = {
			isa = PBXSourcesBuildPhase;
			buildActionMask = 2147483647;
			files = (
				E93A6DED24EECB3A006C7D03 /* TabBarViewController.swift in Sources */,
				E9C59D8824EE2B400069C0BE /* LoginViewController.swift in Sources */,
				E9E2B6B624FD0CCB00A77747 /* FullScreenImage.swift in Sources */,
				E9C59D8424EE2B400069C0BE /* AppDelegate.swift in Sources */,
				E9D8B8B724F3C96300DDAB0D /* GroupListTableViewController.swift in Sources */,
				E9B9583E24F7DC6A00E078A7 /* CircleImage.swift in Sources */,
				E9B9584924F80CE300E078A7 /* GroupsTableCell.swift in Sources */,
				E9E2B6B424F8BBC400A77747 /* PublicGroupsTableViewController.swift in Sources */,
				E9B9584024F7F21200E078A7 /* Group.swift in Sources */,
				E9C59D8624EE2B400069C0BE /* SceneDelegate.swift in Sources */,
				E9E2B6B224F8202E00A77747 /* UserCell.swift in Sources */,
				E9E2B6B024F81D6D00A77747 /* User.swift in Sources */,
				E9D8B8AD24F3B1E700DDAB0D /* FriendsCollectionCollectionViewController.swift in Sources */,
				E9D8B8AA24F3841700DDAB0D /* FriendsTableViewController.swift in Sources */,
				E9B9583924F7D92F00E078A7 /* LikeControl.swift in Sources */,
				E9D8B8B224F3B80B00DDAB0D /* FriendPhotoCollectionViewCell.swift in Sources */,
				E9B9584724F805C300E078A7 /* Gradient.swift in Sources */,
			);
			runOnlyForDeploymentPostprocessing = 0;
		};
/* End PBXSourcesBuildPhase section */

/* Begin PBXVariantGroup section */
		E9C59D8924EE2B400069C0BE /* Main.storyboard */ = {
			isa = PBXVariantGroup;
			children = (
				E9C59D8A24EE2B400069C0BE /* Base */,
			);
			name = Main.storyboard;
			sourceTree = "<group>";
		};
		E9C59D8E24EE2B420069C0BE /* LaunchScreen.storyboard */ = {
			isa = PBXVariantGroup;
			children = (
				E9C59D8F24EE2B420069C0BE /* Base */,
			);
			name = LaunchScreen.storyboard;
			sourceTree = "<group>";
		};
/* End PBXVariantGroup section */

/* Begin XCBuildConfiguration section */
		E9C59D9224EE2B420069C0BE /* Debug */ = {
			isa = XCBuildConfiguration;
			buildSettings = {
				ALWAYS_SEARCH_USER_PATHS = NO;
				CLANG_ANALYZER_NONNULL = YES;
				CLANG_ANALYZER_NUMBER_OBJECT_CONVERSION = YES_AGGRESSIVE;
				CLANG_CXX_LANGUAGE_STANDARD = "gnu++14";
				CLANG_CXX_LIBRARY = "libc++";
				CLANG_ENABLE_MODULES = YES;
				CLANG_ENABLE_OBJC_ARC = YES;
				CLANG_ENABLE_OBJC_WEAK = YES;
				CLANG_WARN_BLOCK_CAPTURE_AUTORELEASING = YES;
				CLANG_WARN_BOOL_CONVERSION = YES;
				CLANG_WARN_COMMA = YES;
				CLANG_WARN_CONSTANT_CONVERSION = YES;
				CLANG_WARN_DEPRECATED_OBJC_IMPLEMENTATIONS = YES;
				CLANG_WARN_DIRECT_OBJC_ISA_USAGE = YES_ERROR;
				CLANG_WARN_DOCUMENTATION_COMMENTS = YES;
				CLANG_WARN_EMPTY_BODY = YES;
				CLANG_WARN_ENUM_CONVERSION = YES;
				CLANG_WARN_INFINITE_RECURSION = YES;
				CLANG_WARN_INT_CONVERSION = YES;
				CLANG_WARN_NON_LITERAL_NULL_CONVERSION = YES;
				CLANG_WARN_OBJC_IMPLICIT_RETAIN_SELF = YES;
				CLANG_WARN_OBJC_LITERAL_CONVERSION = YES;
				CLANG_WARN_OBJC_ROOT_CLASS = YES_ERROR;
				CLANG_WARN_RANGE_LOOP_ANALYSIS = YES;
				CLANG_WARN_STRICT_PROTOTYPES = YES;
				CLANG_WARN_SUSPICIOUS_MOVE = YES;
				CLANG_WARN_UNGUARDED_AVAILABILITY = YES_AGGRESSIVE;
				CLANG_WARN_UNREACHABLE_CODE = YES;
				CLANG_WARN__DUPLICATE_METHOD_MATCH = YES;
				COPY_PHASE_STRIP = NO;
				DEBUG_INFORMATION_FORMAT = dwarf;
				ENABLE_STRICT_OBJC_MSGSEND = YES;
				ENABLE_TESTABILITY = YES;
				GCC_C_LANGUAGE_STANDARD = gnu11;
				GCC_DYNAMIC_NO_PIC = NO;
				GCC_NO_COMMON_BLOCKS = YES;
				GCC_OPTIMIZATION_LEVEL = 0;
				GCC_PREPROCESSOR_DEFINITIONS = (
					"DEBUG=1",
					"$(inherited)",
				);
				GCC_WARN_64_TO_32_BIT_CONVERSION = YES;
				GCC_WARN_ABOUT_RETURN_TYPE = YES_ERROR;
				GCC_WARN_UNDECLARED_SELECTOR = YES;
				GCC_WARN_UNINITIALIZED_AUTOS = YES_AGGRESSIVE;
				GCC_WARN_UNUSED_FUNCTION = YES;
				GCC_WARN_UNUSED_VARIABLE = YES;
				IPHONEOS_DEPLOYMENT_TARGET = 13.6;
				MTL_ENABLE_DEBUG_INFO = INCLUDE_SOURCE;
				MTL_FAST_MATH = YES;
				ONLY_ACTIVE_ARCH = YES;
				SDKROOT = iphoneos;
				SWIFT_ACTIVE_COMPILATION_CONDITIONS = DEBUG;
				SWIFT_OPTIMIZATION_LEVEL = "-Onone";
			};
			name = Debug;
		};
		E9C59D9324EE2B420069C0BE /* Release */ = {
			isa = XCBuildConfiguration;
			buildSettings = {
				ALWAYS_SEARCH_USER_PATHS = NO;
				CLANG_ANALYZER_NONNULL = YES;
				CLANG_ANALYZER_NUMBER_OBJECT_CONVERSION = YES_AGGRESSIVE;
				CLANG_CXX_LANGUAGE_STANDARD = "gnu++14";
				CLANG_CXX_LIBRARY = "libc++";
				CLANG_ENABLE_MODULES = YES;
				CLANG_ENABLE_OBJC_ARC = YES;
				CLANG_ENABLE_OBJC_WEAK = YES;
				CLANG_WARN_BLOCK_CAPTURE_AUTORELEASING = YES;
				CLANG_WARN_BOOL_CONVERSION = YES;
				CLANG_WARN_COMMA = YES;
				CLANG_WARN_CONSTANT_CONVERSION = YES;
				CLANG_WARN_DEPRECATED_OBJC_IMPLEMENTATIONS = YES;
				CLANG_WARN_DIRECT_OBJC_ISA_USAGE = YES_ERROR;
				CLANG_WARN_DOCUMENTATION_COMMENTS = YES;
				CLANG_WARN_EMPTY_BODY = YES;
				CLANG_WARN_ENUM_CONVERSION = YES;
				CLANG_WARN_INFINITE_RECURSION = YES;
				CLANG_WARN_INT_CONVERSION = YES;
				CLANG_WARN_NON_LITERAL_NULL_CONVERSION = YES;
				CLANG_WARN_OBJC_IMPLICIT_RETAIN_SELF = YES;
				CLANG_WARN_OBJC_LITERAL_CONVERSION = YES;
				CLANG_WARN_OBJC_ROOT_CLASS = YES_ERROR;
				CLANG_WARN_RANGE_LOOP_ANALYSIS = YES;
				CLANG_WARN_STRICT_PROTOTYPES = YES;
				CLANG_WARN_SUSPICIOUS_MOVE = YES;
				CLANG_WARN_UNGUARDED_AVAILABILITY = YES_AGGRESSIVE;
				CLANG_WARN_UNREACHABLE_CODE = YES;
				CLANG_WARN__DUPLICATE_METHOD_MATCH = YES;
				COPY_PHASE_STRIP = NO;
				DEBUG_INFORMATION_FORMAT = "dwarf-with-dsym";
				ENABLE_NS_ASSERTIONS = NO;
				ENABLE_STRICT_OBJC_MSGSEND = YES;
				GCC_C_LANGUAGE_STANDARD = gnu11;
				GCC_NO_COMMON_BLOCKS = YES;
				GCC_WARN_64_TO_32_BIT_CONVERSION = YES;
				GCC_WARN_ABOUT_RETURN_TYPE = YES_ERROR;
				GCC_WARN_UNDECLARED_SELECTOR = YES;
				GCC_WARN_UNINITIALIZED_AUTOS = YES_AGGRESSIVE;
				GCC_WARN_UNUSED_FUNCTION = YES;
				GCC_WARN_UNUSED_VARIABLE = YES;
				IPHONEOS_DEPLOYMENT_TARGET = 13.6;
				MTL_ENABLE_DEBUG_INFO = NO;
				MTL_FAST_MATH = YES;
				SDKROOT = iphoneos;
				SWIFT_COMPILATION_MODE = wholemodule;
				SWIFT_OPTIMIZATION_LEVEL = "-O";
				VALIDATE_PRODUCT = YES;
			};
			name = Release;
		};
		E9C59D9524EE2B420069C0BE /* Debug */ = {
			isa = XCBuildConfiguration;
			buildSettings = {
				ASSETCATALOG_COMPILER_APPICON_NAME = AppIcon;
				CODE_SIGN_STYLE = Automatic;
				DEVELOPMENT_TEAM = CPVY75N58Y;
				INFOPLIST_FILE = VKapp/Info.plist;
				LD_RUNPATH_SEARCH_PATHS = (
					"$(inherited)",
					"@executable_path/Frameworks",
				);
				PRODUCT_BUNDLE_IDENTIFIER = PavelR.VKapp;
				PRODUCT_NAME = "$(TARGET_NAME)";
				SWIFT_VERSION = 5.0;
				TARGETED_DEVICE_FAMILY = "1,2";
			};
			name = Debug;
		};
		E9C59D9624EE2B420069C0BE /* Release */ = {
			isa = XCBuildConfiguration;
			buildSettings = {
				ASSETCATALOG_COMPILER_APPICON_NAME = AppIcon;
				CODE_SIGN_STYLE = Automatic;
				DEVELOPMENT_TEAM = CPVY75N58Y;
				INFOPLIST_FILE = VKapp/Info.plist;
				LD_RUNPATH_SEARCH_PATHS = (
					"$(inherited)",
					"@executable_path/Frameworks",
				);
				PRODUCT_BUNDLE_IDENTIFIER = PavelR.VKapp;
				PRODUCT_NAME = "$(TARGET_NAME)";
				SWIFT_VERSION = 5.0;
				TARGETED_DEVICE_FAMILY = "1,2";
			};
			name = Release;
		};
/* End XCBuildConfiguration section */

/* Begin XCConfigurationList section */
		E9C59D7B24EE2B400069C0BE /* Build configuration list for PBXProject "VKapp" */ = {
			isa = XCConfigurationList;
			buildConfigurations = (
				E9C59D9224EE2B420069C0BE /* Debug */,
				E9C59D9324EE2B420069C0BE /* Release */,
			);
			defaultConfigurationIsVisible = 0;
			defaultConfigurationName = Release;
		};
		E9C59D9424EE2B420069C0BE /* Build configuration list for PBXNativeTarget "VKapp" */ = {
			isa = XCConfigurationList;
			buildConfigurations = (
				E9C59D9524EE2B420069C0BE /* Debug */,
				E9C59D9624EE2B420069C0BE /* Release */,
			);
			defaultConfigurationIsVisible = 0;
			defaultConfigurationName = Release;
		};
/* End XCConfigurationList section */
	};
	rootObject = E9C59D7824EE2B400069C0BE /* Project object */;
}
